
Microsoft Visual Studio Solution File, Format Version 12.00
# Visual Studio 15
VisualStudioVersion = 15.0.27004.2010
MinimumVisualStudioVersion = 10.0.40219.1
Project("{FAE04EC0-301F-11D3-BF4B-00C04F79EFBC}") = "DayTwo", "DayTwo\DayTwo.csproj", "{491DFE68-56F5-4973-9C78-96588A180956}"
EndProject
Global
	GlobalSection(SolutionConfigurationPlatforms) = preSolution
		Debug|Any CPU = Debug|Any CPU
		Release|Any CPU = Release|Any CPU
	EndGlobalSection
	GlobalSection(ProjectConfigurationPlatforms) = postSolution
		{491DFE68-56F5-4973-9C78-96588A180956}.Debug|Any CPU.ActiveCfg = Debug|Any CPU
		{491DFE68-56F5-4973-9C78-96588A180956}.Debug|Any CPU.Build.0 = Debug|Any CPU
		{491DFE68-56F5-4973-9C78-96588A180956}.Release|Any CPU.ActiveCfg = Release|Any CPU
		{491DFE68-56F5-4973-9C78-96588A180956}.Release|Any CPU.Build.0 = Release|Any CPU
	EndGlobalSection
	GlobalSection(SolutionProperties) = preSolution
		HideSolutionNode = FALSE
	EndGlobalSection
	GlobalSection(ExtensibilityGlobals) = postSolution
		SolutionGuid = {BD29CAF9-5D95-4959-A4F6-D868B8B1671F}
	EndGlobalSection
EndGlobal
